
Microsoft Visual Studio Solution File, Format Version 12.00
# Visual Studio Version 17
VisualStudioVersion = 17.6.33829.357
MinimumVisualStudioVersion = 10.0.40219.1
Project("{FAE04EC0-301F-11D3-BF4B-00C04F79EFBC}") = "bits_orchestra_webapi", "bits_orchestra_webapi\bits_orchestra_webapi.csproj", "{5655D366-934C-4DA0-8A06-E51143E7F946}"
EndProject
Global
	GlobalSection(SolutionConfigurationPlatforms) = preSolution
		Debug|Any CPU = Debug|Any CPU
		Release|Any CPU = Release|Any CPU
	EndGlobalSection
	GlobalSection(ProjectConfigurationPlatforms) = postSolution
		{5655D366-934C-4DA0-8A06-E51143E7F946}.Debug|Any CPU.ActiveCfg = Debug|Any CPU
		{5655D366-934C-4DA0-8A06-E51143E7F946}.Debug|Any CPU.Build.0 = Debug|Any CPU
		{5655D366-934C-4DA0-8A06-E51143E7F946}.Release|Any CPU.ActiveCfg = Release|Any CPU
		{5655D366-934C-4DA0-8A06-E51143E7F946}.Release|Any CPU.Build.0 = Release|Any CPU
	EndGlobalSection
	GlobalSection(SolutionProperties) = preSolution
		HideSolutionNode = FALSE
	EndGlobalSection
	GlobalSection(ExtensibilityGlobals) = postSolution
		SolutionGuid = {EC002245-B3E2-4BC7-B4A8-3BBA53E3058F}
	EndGlobalSection
EndGlobal
